
Microsoft Visual Studio Solution File, Format Version 12.00
# Visual Studio Version 16
VisualStudioVersion = 16.0.31019.35
MinimumVisualStudioVersion = 10.0.40219.1
Project("{9A19103F-16F7-4668-BE54-9A1E7A4F7556}") = "ShopOnline.Application", "ShopOnline.Application.csproj", "{AF74B8CE-9ED3-4D57-9E37-EF2800764AE1}"
EndProject
Project("{9A19103F-16F7-4668-BE54-9A1E7A4F7556}") = "ShopOnline.Services", "..\ShopOnline.Services\ShopOnline.Services.csproj", "{9C2022D5-51EB-4A18-8567-280157C6F3E8}"
EndProject
Project("{9A19103F-16F7-4668-BE54-9A1E7A4F7556}") = "ShopOnline.Data", "..\ShopOnline.Data\ShopOnline.Data.csproj", "{F32EEA48-6F5E-4B49-80EF-F325318DF107}"
EndProject
Project("{9A19103F-16F7-4668-BE54-9A1E7A4F7556}") = "ShopOnline.Utilities", "..\ShopOnline.Utilities\ShopOnline.Utilities.csproj", "{7F813DA4-5066-472D-91F5-376185058915}"
EndProject
Project("{9A19103F-16F7-4668-BE54-9A1E7A4F7556}") = "ShopOnline.Dto", "..\ShopOnline.Dto\ShopOnline.Dto.csproj", "{7DD40CDB-285E-45B8-BB78-68EAF8745E93}"
EndProject
Project("{9A19103F-16F7-4668-BE54-9A1E7A4F7556}") = "ShopOnline.BackendApi", "..\ShopOnline.BackendApi\ShopOnline.BackendApi.csproj", "{7513630C-8957-442D-8AFD-B4AF81BF80DF}"
EndProject
Project("{2150E333-8FDC-42A3-9474-1A3956D46DE8}") = "ShopOnline", "ShopOnline", "{E399A3E5-EA20-4A2F-A2E9-3EECAB587DFE}"
	ProjectSection(SolutionItems) = preProject
		..\README.md = ..\README.md
	EndProjectSection
EndProject
Project("{2150E333-8FDC-42A3-9474-1A3956D46DE8}") = "Application", "Application", "{7DFD71DF-C44A-4720-B42B-1F59211B5AF2}"
EndProject
Project("{2150E333-8FDC-42A3-9474-1A3956D46DE8}") = "Business", "Business", "{2AFC7D08-ABB8-4995-823F-470171E16E3D}"
EndProject
Project("{2150E333-8FDC-42A3-9474-1A3956D46DE8}") = "Data", "Data", "{EA62BC85-309A-4752-9F27-89206029CF77}"
EndProject
Project("{2150E333-8FDC-42A3-9474-1A3956D46DE8}") = "Common", "Common", "{63461A4C-FA35-43FF-8C71-E3151521C2D9}"
EndProject
Global
	GlobalSection(SolutionConfigurationPlatforms) = preSolution
		Debug|Any CPU = Debug|Any CPU
		Release|Any CPU = Release|Any CPU
	EndGlobalSection
	GlobalSection(ProjectConfigurationPlatforms) = postSolution
		{AF74B8CE-9ED3-4D57-9E37-EF2800764AE1}.Debug|Any CPU.ActiveCfg = Debug|Any CPU
		{AF74B8CE-9ED3-4D57-9E37-EF2800764AE1}.Debug|Any CPU.Build.0 = Debug|Any CPU
		{AF74B8CE-9ED3-4D57-9E37-EF2800764AE1}.Release|Any CPU.ActiveCfg = Release|Any CPU
		{AF74B8CE-9ED3-4D57-9E37-EF2800764AE1}.Release|Any CPU.Build.0 = Release|Any CPU
		{9C2022D5-51EB-4A18-8567-280157C6F3E8}.Debug|Any CPU.ActiveCfg = Debug|Any CPU
		{9C2022D5-51EB-4A18-8567-280157C6F3E8}.Debug|Any CPU.Build.0 = Debug|Any CPU
		{9C2022D5-51EB-4A18-8567-280157C6F3E8}.Release|Any CPU.ActiveCfg = Release|Any CPU
		{9C2022D5-51EB-4A18-8567-280157C6F3E8}.Release|Any CPU.Build.0 = Release|Any CPU
		{F32EEA48-6F5E-4B49-80EF-F325318DF107}.Debug|Any CPU.ActiveCfg = Debug|Any CPU
		{F32EEA48-6F5E-4B49-80EF-F325318DF107}.Debug|Any CPU.Build.0 = Debug|Any CPU
		{F32EEA48-6F5E-4B49-80EF-F325318DF107}.Release|Any CPU.ActiveCfg = Release|Any CPU
		{F32EEA48-6F5E-4B49-80EF-F325318DF107}.Release|Any CPU.Build.0 = Release|Any CPU
		{7F813DA4-5066-472D-91F5-376185058915}.Debug|Any CPU.ActiveCfg = Debug|Any CPU
		{7F813DA4-5066-472D-91F5-376185058915}.Debug|Any CPU.Build.0 = Debug|Any CPU
		{7F813DA4-5066-472D-91F5-376185058915}.Release|Any CPU.ActiveCfg = Release|Any CPU
		{7F813DA4-5066-472D-91F5-376185058915}.Release|Any CPU.Build.0 = Release|Any CPU
		{7DD40CDB-285E-45B8-BB78-68EAF8745E93}.Debug|Any CPU.ActiveCfg = Debug|Any CPU
		{7DD40CDB-285E-45B8-BB78-68EAF8745E93}.Debug|Any CPU.Build.0 = Debug|Any CPU
		{7DD40CDB-285E-45B8-BB78-68EAF8745E93}.Release|Any CPU.ActiveCfg = Release|Any CPU
		{7DD40CDB-285E-45B8-BB78-68EAF8745E93}.Release|Any CPU.Build.0 = Release|Any CPU
		{7513630C-8957-442D-8AFD-B4AF81BF80DF}.Debug|Any CPU.ActiveCfg = Debug|Any CPU
		{7513630C-8957-442D-8AFD-B4AF81BF80DF}.Debug|Any CPU.Build.0 = Debug|Any CPU
		{7513630C-8957-442D-8AFD-B4AF81BF80DF}.Release|Any CPU.ActiveCfg = Release|Any CPU
		{7513630C-8957-442D-8AFD-B4AF81BF80DF}.Release|Any CPU.Build.0 = Release|Any CPU
	EndGlobalSection
	GlobalSection(SolutionProperties) = preSolution
		HideSolutionNode = FALSE
	EndGlobalSection
	GlobalSection(NestedProjects) = preSolution
		{AF74B8CE-9ED3-4D57-9E37-EF2800764AE1} = {7DFD71DF-C44A-4720-B42B-1F59211B5AF2}
		{9C2022D5-51EB-4A18-8567-280157C6F3E8} = {2AFC7D08-ABB8-4995-823F-470171E16E3D}
		{F32EEA48-6F5E-4B49-80EF-F325318DF107} = {EA62BC85-309A-4752-9F27-89206029CF77}
		{7F813DA4-5066-472D-91F5-376185058915} = {63461A4C-FA35-43FF-8C71-E3151521C2D9}
		{7DD40CDB-285E-45B8-BB78-68EAF8745E93} = {63461A4C-FA35-43FF-8C71-E3151521C2D9}
		{7513630C-8957-442D-8AFD-B4AF81BF80DF} = {7DFD71DF-C44A-4720-B42B-1F59211B5AF2}
	EndGlobalSection
	GlobalSection(ExtensibilityGlobals) = postSolution
		SolutionGuid = {63148EA9-1DE3-4C89-85E9-C37F161DB970}
	EndGlobalSection
EndGlobal
