
Microsoft Visual Studio Solution File, Format Version 12.00
# Visual Studio Version 16
VisualStudioVersion = 16.0.31019.35
MinimumVisualStudioVersion = 10.0.40219.1
Project("{9A19103F-16F7-4668-BE54-9A1E7A4F7556}") = "ShopOnline.Application", "ShopOnline.Application.csproj", "{AF74B8CE-9ED3-4D57-9E37-EF2800764AE1}"
EndProject
Project("{9A19103F-16F7-4668-BE54-9A1E7A4F7556}") = "ShopOnline.Utilities", "..\ShopOnline.Utilities\ShopOnline.Utilities.csproj", "{7F813DA4-5066-472D-91F5-376185058915}"
EndProject
Project("{2150E333-8FDC-42A3-9474-1A3956D46DE8}") = "0-Document", "0-Document", "{E399A3E5-EA20-4A2F-A2E9-3EECAB587DFE}"
	ProjectSection(SolutionItems) = preProject
		..\README.md = ..\README.md
	EndProjectSection
EndProject
Project("{2150E333-8FDC-42A3-9474-1A3956D46DE8}") = "WebApp", "WebApp", "{7DFD71DF-C44A-4720-B42B-1F59211B5AF2}"
EndProject
Project("{2150E333-8FDC-42A3-9474-1A3956D46DE8}") = "Common", "Common", "{63461A4C-FA35-43FF-8C71-E3151521C2D9}"
EndProject
Project("{9A19103F-16F7-4668-BE54-9A1E7A4F7556}") = "ShopOnline.Models", "..\ShopOnline.Models\ShopOnline.Models.csproj", "{66DE672F-A57C-4BD1-9568-B4CEFCC491CE}"
EndProject
Project("{2150E333-8FDC-42A3-9474-1A3956D46DE8}") = "Api", "Api", "{584AD597-D8A1-4652-904C-DDE4B9FB3D0F}"
EndProject
Project("{2150E333-8FDC-42A3-9474-1A3956D46DE8}") = "Data", "Data", "{E8001FD1-4128-49D1-BBEA-DD5424C36C5D}"
EndProject
Project("{2150E333-8FDC-42A3-9474-1A3956D46DE8}") = "Business", "Business", "{23857FB9-E79A-4733-99DC-2C1E00E05E3F}"
EndProject
Project("{2150E333-8FDC-42A3-9474-1A3956D46DE8}") = "Backend", "Backend", "{40A8ED8F-C6F0-42A6-B17E-FC474834929C}"
EndProject
Project("{9A19103F-16F7-4668-BE54-9A1E7A4F7556}") = "ShopOnlineApi.Data", "..\ShopOnlineApi.Data\ShopOnlineApi.Data.csproj", "{BF7B4D18-FC42-420D-AB5A-AD61ED2B3F26}"
EndProject
Project("{9A19103F-16F7-4668-BE54-9A1E7A4F7556}") = "ShopOnlineApi.Services", "..\ShopOnlineApi.Services\ShopOnlineApi.Services.csproj", "{68B0B76F-231E-4EAC-B0C0-A36860E56307}"
EndProject
Project("{9A19103F-16F7-4668-BE54-9A1E7A4F7556}") = "ShopOnlineApi.Backend", "..\ShopOnlineApi.Backend\ShopOnlineApi.Backend.csproj", "{A88630D0-792A-4C1A-8C63-22916D72583F}"
EndProject
Project("{9A19103F-16F7-4668-BE54-9A1E7A4F7556}") = "ShopOnline.WebAdmin", "..\ShopOnline.WebAdmin\ShopOnline.WebAdmin.csproj", "{A35E11EA-3997-4DB4-B96D-D95589D1AA7D}"
EndProject
Global
	GlobalSection(SolutionConfigurationPlatforms) = preSolution
		Debug|Any CPU = Debug|Any CPU
		Release|Any CPU = Release|Any CPU
	EndGlobalSection
	GlobalSection(ProjectConfigurationPlatforms) = postSolution
		{AF74B8CE-9ED3-4D57-9E37-EF2800764AE1}.Debug|Any CPU.ActiveCfg = Debug|Any CPU
		{AF74B8CE-9ED3-4D57-9E37-EF2800764AE1}.Debug|Any CPU.Build.0 = Debug|Any CPU
		{AF74B8CE-9ED3-4D57-9E37-EF2800764AE1}.Release|Any CPU.ActiveCfg = Release|Any CPU
		{AF74B8CE-9ED3-4D57-9E37-EF2800764AE1}.Release|Any CPU.Build.0 = Release|Any CPU
		{7F813DA4-5066-472D-91F5-376185058915}.Debug|Any CPU.ActiveCfg = Debug|Any CPU
		{7F813DA4-5066-472D-91F5-376185058915}.Debug|Any CPU.Build.0 = Debug|Any CPU
		{7F813DA4-5066-472D-91F5-376185058915}.Release|Any CPU.ActiveCfg = Release|Any CPU
		{7F813DA4-5066-472D-91F5-376185058915}.Release|Any CPU.Build.0 = Release|Any CPU
		{66DE672F-A57C-4BD1-9568-B4CEFCC491CE}.Debug|Any CPU.ActiveCfg = Debug|Any CPU
		{66DE672F-A57C-4BD1-9568-B4CEFCC491CE}.Debug|Any CPU.Build.0 = Debug|Any CPU
		{66DE672F-A57C-4BD1-9568-B4CEFCC491CE}.Release|Any CPU.ActiveCfg = Release|Any CPU
		{66DE672F-A57C-4BD1-9568-B4CEFCC491CE}.Release|Any CPU.Build.0 = Release|Any CPU
		{BF7B4D18-FC42-420D-AB5A-AD61ED2B3F26}.Debug|Any CPU.ActiveCfg = Debug|Any CPU
		{BF7B4D18-FC42-420D-AB5A-AD61ED2B3F26}.Debug|Any CPU.Build.0 = Debug|Any CPU
		{BF7B4D18-FC42-420D-AB5A-AD61ED2B3F26}.Release|Any CPU.ActiveCfg = Release|Any CPU
		{BF7B4D18-FC42-420D-AB5A-AD61ED2B3F26}.Release|Any CPU.Build.0 = Release|Any CPU
		{68B0B76F-231E-4EAC-B0C0-A36860E56307}.Debug|Any CPU.ActiveCfg = Debug|Any CPU
		{68B0B76F-231E-4EAC-B0C0-A36860E56307}.Debug|Any CPU.Build.0 = Debug|Any CPU
		{68B0B76F-231E-4EAC-B0C0-A36860E56307}.Release|Any CPU.ActiveCfg = Release|Any CPU
		{68B0B76F-231E-4EAC-B0C0-A36860E56307}.Release|Any CPU.Build.0 = Release|Any CPU
		{A88630D0-792A-4C1A-8C63-22916D72583F}.Debug|Any CPU.ActiveCfg = Debug|Any CPU
		{A88630D0-792A-4C1A-8C63-22916D72583F}.Debug|Any CPU.Build.0 = Debug|Any CPU
		{A88630D0-792A-4C1A-8C63-22916D72583F}.Release|Any CPU.ActiveCfg = Release|Any CPU
		{A88630D0-792A-4C1A-8C63-22916D72583F}.Release|Any CPU.Build.0 = Release|Any CPU
		{A35E11EA-3997-4DB4-B96D-D95589D1AA7D}.Debug|Any CPU.ActiveCfg = Debug|Any CPU
		{A35E11EA-3997-4DB4-B96D-D95589D1AA7D}.Debug|Any CPU.Build.0 = Debug|Any CPU
		{A35E11EA-3997-4DB4-B96D-D95589D1AA7D}.Release|Any CPU.ActiveCfg = Release|Any CPU
		{A35E11EA-3997-4DB4-B96D-D95589D1AA7D}.Release|Any CPU.Build.0 = Release|Any CPU
	EndGlobalSection
	GlobalSection(SolutionProperties) = preSolution
		HideSolutionNode = FALSE
	EndGlobalSection
	GlobalSection(NestedProjects) = preSolution
		{AF74B8CE-9ED3-4D57-9E37-EF2800764AE1} = {7DFD71DF-C44A-4720-B42B-1F59211B5AF2}
		{7F813DA4-5066-472D-91F5-376185058915} = {63461A4C-FA35-43FF-8C71-E3151521C2D9}
		{66DE672F-A57C-4BD1-9568-B4CEFCC491CE} = {63461A4C-FA35-43FF-8C71-E3151521C2D9}
		{E8001FD1-4128-49D1-BBEA-DD5424C36C5D} = {584AD597-D8A1-4652-904C-DDE4B9FB3D0F}
		{23857FB9-E79A-4733-99DC-2C1E00E05E3F} = {584AD597-D8A1-4652-904C-DDE4B9FB3D0F}
		{40A8ED8F-C6F0-42A6-B17E-FC474834929C} = {584AD597-D8A1-4652-904C-DDE4B9FB3D0F}
		{BF7B4D18-FC42-420D-AB5A-AD61ED2B3F26} = {E8001FD1-4128-49D1-BBEA-DD5424C36C5D}
		{68B0B76F-231E-4EAC-B0C0-A36860E56307} = {23857FB9-E79A-4733-99DC-2C1E00E05E3F}
		{A88630D0-792A-4C1A-8C63-22916D72583F} = {40A8ED8F-C6F0-42A6-B17E-FC474834929C}
		{A35E11EA-3997-4DB4-B96D-D95589D1AA7D} = {7DFD71DF-C44A-4720-B42B-1F59211B5AF2}
	EndGlobalSection
	GlobalSection(ExtensibilityGlobals) = postSolution
		SolutionGuid = {63148EA9-1DE3-4C89-85E9-C37F161DB970}
	EndGlobalSection
EndGlobal
